
Microsoft Visual Studio Solution File, Format Version 12.00
# Visual Studio 2013
VisualStudioVersion = 12.0.31101.0
MinimumVisualStudioVersion = 10.0.40219.1
Project("{2150E333-8FDC-42A3-9474-1A3956D46DE8}") = "Engine", "Engine", "{31AAC1D7-559A-436F-A7DE-34D872AC36E1}"
EndProject
Project("{2150E333-8FDC-42A3-9474-1A3956D46DE8}") = "Games", "Games", "{A16E316D-E71A-464E-ADBD-115B6C0B54FA}"
EndProject
Project("{8BC9CEB8-8B4A-11D0-8D11-00A0C91BC942}") = "UE_GWNS", "Intermediate\ProjectFiles\UE_GWNS.vcxproj", "{685F8FA5-03E4-402D-BB4F-E0EA0861FE88}"
EndProject
Project("{8BC9CEB8-8B4A-11D0-8D11-00A0C91BC942}") = "UE4", "Intermediate\ProjectFiles\UE4.vcxproj", "{44CF989B-A5D6-4183-8D6C-08E841DCCBED}"
EndProject
Global
	GlobalSection(SolutionConfigurationPlatforms) = preSolution
		DebugGame Editor|Win32 = DebugGame Editor|Win32
		DebugGame Editor|Win64 = DebugGame Editor|Win64
		DebugGame|Win32 = DebugGame|Win32
		DebugGame|Win64 = DebugGame|Win64
		Development Editor|Win32 = Development Editor|Win32
		Development Editor|Win64 = Development Editor|Win64
		Development|Win32 = Development|Win32
		Development|Win64 = Development|Win64
		Shipping|Win32 = Shipping|Win32
		Shipping|Win64 = Shipping|Win64
	EndGlobalSection
	GlobalSection(ProjectConfigurationPlatforms) = postSolution
		{685F8FA5-03E4-402D-BB4F-E0EA0861FE88}.DebugGame Editor|Win32.ActiveCfg = DebugGame_Editor|Win32
		{685F8FA5-03E4-402D-BB4F-E0EA0861FE88}.DebugGame Editor|Win32.Build.0 = DebugGame_Editor|Win32
		{685F8FA5-03E4-402D-BB4F-E0EA0861FE88}.DebugGame Editor|Win64.ActiveCfg = DebugGame_Editor|x64
		{685F8FA5-03E4-402D-BB4F-E0EA0861FE88}.DebugGame Editor|Win64.Build.0 = DebugGame_Editor|x64
		{685F8FA5-03E4-402D-BB4F-E0EA0861FE88}.DebugGame|Win32.ActiveCfg = DebugGame_Game|Win32
		{685F8FA5-03E4-402D-BB4F-E0EA0861FE88}.DebugGame|Win32.Build.0 = DebugGame_Game|Win32
		{685F8FA5-03E4-402D-BB4F-E0EA0861FE88}.DebugGame|Win64.ActiveCfg = DebugGame_Game|x64
		{685F8FA5-03E4-402D-BB4F-E0EA0861FE88}.DebugGame|Win64.Build.0 = DebugGame_Game|x64
		{685F8FA5-03E4-402D-BB4F-E0EA0861FE88}.Development Editor|Win32.ActiveCfg = Development_Editor|Win32
		{685F8FA5-03E4-402D-BB4F-E0EA0861FE88}.Development Editor|Win32.Build.0 = Development_Editor|Win32
		{685F8FA5-03E4-402D-BB4F-E0EA0861FE88}.Development Editor|Win64.ActiveCfg = Development_Editor|x64
		{685F8FA5-03E4-402D-BB4F-E0EA0861FE88}.Development Editor|Win64.Build.0 = Development_Editor|x64
		{685F8FA5-03E4-402D-BB4F-E0EA0861FE88}.Development|Win32.ActiveCfg = Development_Game|Win32
		{685F8FA5-03E4-402D-BB4F-E0EA0861FE88}.Development|Win32.Build.0 = Development_Game|Win32
		{685F8FA5-03E4-402D-BB4F-E0EA0861FE88}.Development|Win64.ActiveCfg = Development_Game|x64
		{685F8FA5-03E4-402D-BB4F-E0EA0861FE88}.Development|Win64.Build.0 = Development_Game|x64
		{685F8FA5-03E4-402D-BB4F-E0EA0861FE88}.Shipping|Win32.ActiveCfg = Shipping_Game|Win32
		{685F8FA5-03E4-402D-BB4F-E0EA0861FE88}.Shipping|Win32.Build.0 = Shipping_Game|Win32
		{685F8FA5-03E4-402D-BB4F-E0EA0861FE88}.Shipping|Win64.ActiveCfg = Shipping_Game|x64
		{685F8FA5-03E4-402D-BB4F-E0EA0861FE88}.Shipping|Win64.Build.0 = Shipping_Game|x64
		{44CF989B-A5D6-4183-8D6C-08E841DCCBED}.DebugGame Editor|Win32.ActiveCfg = BuiltWithUnrealBuildTool|Win32
		{44CF989B-A5D6-4183-8D6C-08E841DCCBED}.DebugGame Editor|Win32.Build.0 = BuiltWithUnrealBuildTool|Win32
		{44CF989B-A5D6-4183-8D6C-08E841DCCBED}.DebugGame Editor|Win64.ActiveCfg = BuiltWithUnrealBuildTool|Win32
		{44CF989B-A5D6-4183-8D6C-08E841DCCBED}.DebugGame|Win32.ActiveCfg = BuiltWithUnrealBuildTool|Win32
		{44CF989B-A5D6-4183-8D6C-08E841DCCBED}.DebugGame|Win32.Build.0 = BuiltWithUnrealBuildTool|Win32
		{44CF989B-A5D6-4183-8D6C-08E841DCCBED}.DebugGame|Win64.ActiveCfg = BuiltWithUnrealBuildTool|Win32
		{44CF989B-A5D6-4183-8D6C-08E841DCCBED}.Development Editor|Win32.ActiveCfg = BuiltWithUnrealBuildTool|Win32
		{44CF989B-A5D6-4183-8D6C-08E841DCCBED}.Development Editor|Win32.Build.0 = BuiltWithUnrealBuildTool|Win32
		{44CF989B-A5D6-4183-8D6C-08E841DCCBED}.Development Editor|Win64.ActiveCfg = BuiltWithUnrealBuildTool|Win32
		{44CF989B-A5D6-4183-8D6C-08E841DCCBED}.Development|Win32.ActiveCfg = BuiltWithUnrealBuildTool|Win32
		{44CF989B-A5D6-4183-8D6C-08E841DCCBED}.Development|Win32.Build.0 = BuiltWithUnrealBuildTool|Win32
		{44CF989B-A5D6-4183-8D6C-08E841DCCBED}.Development|Win64.ActiveCfg = BuiltWithUnrealBuildTool|Win32
		{44CF989B-A5D6-4183-8D6C-08E841DCCBED}.Shipping|Win32.ActiveCfg = BuiltWithUnrealBuildTool|Win32
		{44CF989B-A5D6-4183-8D6C-08E841DCCBED}.Shipping|Win32.Build.0 = BuiltWithUnrealBuildTool|Win32
		{44CF989B-A5D6-4183-8D6C-08E841DCCBED}.Shipping|Win64.ActiveCfg = BuiltWithUnrealBuildTool|Win32
	EndGlobalSection
	GlobalSection(SolutionProperties) = preSolution
		HideSolutionNode = FALSE
	EndGlobalSection
	GlobalSection(NestedProjects) = preSolution
		{685F8FA5-03E4-402D-BB4F-E0EA0861FE88} = {A16E316D-E71A-464E-ADBD-115B6C0B54FA}
		{44CF989B-A5D6-4183-8D6C-08E841DCCBED} = {31AAC1D7-559A-436F-A7DE-34D872AC36E1}
	EndGlobalSection
EndGlobal
